
Microsoft Visual Studio Solution File, Format Version 12.00
# Visual Studio 15
VisualStudioVersion = 15.0.27703.2047
MinimumVisualStudioVersion = 10.0.40219.1
Project("{8BC9CEB8-8B4A-11D0-8D11-00A0C91BC942}") = "test", "test\test.vcxproj", "{7F2D62CC-34DA-4E9F-B782-60B04D06A0A8}"
	ProjectSection(ProjectDependencies) = postProject
		{E11DA64A-BA93-479D-B514-C0F92A63B88E} = {E11DA64A-BA93-479D-B514-C0F92A63B88E}
		{BCE783B3-1E2B-4FF2-A3BE-B209CF09E197} = {BCE783B3-1E2B-4FF2-A3BE-B209CF09E197}
	EndProjectSection
EndProject
Project("{8BC9CEB8-8B4A-11D0-8D11-00A0C91BC942}") = "dynamic_library", "dynamic_library\dynamic_library.vcxproj", "{BCE783B3-1E2B-4FF2-A3BE-B209CF09E197}"
EndProject
Project("{8BC9CEB8-8B4A-11D0-8D11-00A0C91BC942}") = "static_library", "static_library\static_library.vcxproj", "{E11DA64A-BA93-479D-B514-C0F92A63B88E}"
EndProject
Global
	GlobalSection(SolutionConfigurationPlatforms) = preSolution
		Debug|ARM = Debug|ARM
		Debug|x64 = Debug|x64
		Debug|x86 = Debug|x86
		Release|ARM = Release|ARM
		Release|x64 = Release|x64
		Release|x86 = Release|x86
	EndGlobalSection
	GlobalSection(ProjectConfigurationPlatforms) = postSolution
		{7F2D62CC-34DA-4E9F-B782-60B04D06A0A8}.Debug|ARM.ActiveCfg = Debug|ARM
		{7F2D62CC-34DA-4E9F-B782-60B04D06A0A8}.Debug|ARM.Build.0 = Debug|ARM
		{7F2D62CC-34DA-4E9F-B782-60B04D06A0A8}.Debug|x64.ActiveCfg = Debug|x64
		{7F2D62CC-34DA-4E9F-B782-60B04D06A0A8}.Debug|x64.Build.0 = Debug|x64
		{7F2D62CC-34DA-4E9F-B782-60B04D06A0A8}.Debug|x86.ActiveCfg = Debug|x86
		{7F2D62CC-34DA-4E9F-B782-60B04D06A0A8}.Debug|x86.Build.0 = Debug|x86
		{7F2D62CC-34DA-4E9F-B782-60B04D06A0A8}.Release|ARM.ActiveCfg = Release|ARM
		{7F2D62CC-34DA-4E9F-B782-60B04D06A0A8}.Release|ARM.Build.0 = Release|ARM
		{7F2D62CC-34DA-4E9F-B782-60B04D06A0A8}.Release|x64.ActiveCfg = Release|x64
		{7F2D62CC-34DA-4E9F-B782-60B04D06A0A8}.Release|x64.Build.0 = Release|x64
		{7F2D62CC-34DA-4E9F-B782-60B04D06A0A8}.Release|x86.ActiveCfg = Release|x86
		{7F2D62CC-34DA-4E9F-B782-60B04D06A0A8}.Release|x86.Build.0 = Release|x86
		{BCE783B3-1E2B-4FF2-A3BE-B209CF09E197}.Debug|ARM.ActiveCfg = Debug|ARM
		{BCE783B3-1E2B-4FF2-A3BE-B209CF09E197}.Debug|ARM.Build.0 = Debug|ARM
		{BCE783B3-1E2B-4FF2-A3BE-B209CF09E197}.Debug|x64.ActiveCfg = Debug|x64
		{BCE783B3-1E2B-4FF2-A3BE-B209CF09E197}.Debug|x64.Build.0 = Debug|x64
		{BCE783B3-1E2B-4FF2-A3BE-B209CF09E197}.Debug|x86.ActiveCfg = Debug|x86
		{BCE783B3-1E2B-4FF2-A3BE-B209CF09E197}.Debug|x86.Build.0 = Debug|x86
		{BCE783B3-1E2B-4FF2-A3BE-B209CF09E197}.Release|ARM.ActiveCfg = Release|ARM
		{BCE783B3-1E2B-4FF2-A3BE-B209CF09E197}.Release|ARM.Build.0 = Release|ARM
		{BCE783B3-1E2B-4FF2-A3BE-B209CF09E197}.Release|x64.ActiveCfg = Release|x64
		{BCE783B3-1E2B-4FF2-A3BE-B209CF09E197}.Release|x64.Build.0 = Release|x64
		{BCE783B3-1E2B-4FF2-A3BE-B209CF09E197}.Release|x86.ActiveCfg = Release|x86
		{BCE783B3-1E2B-4FF2-A3BE-B209CF09E197}.Release|x86.Build.0 = Release|x86
		{E11DA64A-BA93-479D-B514-C0F92A63B88E}.Debug|ARM.ActiveCfg = Debug|ARM
		{E11DA64A-BA93-479D-B514-C0F92A63B88E}.Debug|ARM.Build.0 = Debug|ARM
		{E11DA64A-BA93-479D-B514-C0F92A63B88E}.Debug|x64.ActiveCfg = Debug|x64
		{E11DA64A-BA93-479D-B514-C0F92A63B88E}.Debug|x64.Build.0 = Debug|x64
		{E11DA64A-BA93-479D-B514-C0F92A63B88E}.Debug|x86.ActiveCfg = Debug|x86
		{E11DA64A-BA93-479D-B514-C0F92A63B88E}.Debug|x86.Build.0 = Debug|x86
		{E11DA64A-BA93-479D-B514-C0F92A63B88E}.Release|ARM.ActiveCfg = Release|ARM
		{E11DA64A-BA93-479D-B514-C0F92A63B88E}.Release|ARM.Build.0 = Release|ARM
		{E11DA64A-BA93-479D-B514-C0F92A63B88E}.Release|x64.ActiveCfg = Release|x64
		{E11DA64A-BA93-479D-B514-C0F92A63B88E}.Release|x64.Build.0 = Release|x64
		{E11DA64A-BA93-479D-B514-C0F92A63B88E}.Release|x86.ActiveCfg = Release|x86
		{E11DA64A-BA93-479D-B514-C0F92A63B88E}.Release|x86.Build.0 = Release|x86
	EndGlobalSection
	GlobalSection(SolutionProperties) = preSolution
		HideSolutionNode = FALSE
	EndGlobalSection
	GlobalSection(ExtensibilityGlobals) = postSolution
		SolutionGuid = {557E2C26-6EDB-41CC-9A80-E56766332730}
	EndGlobalSection
EndGlobal
